
Microsoft Visual Studio Solution File, Format Version 12.00
# Visual Studio Version 17
VisualStudioVersion = 17.10.34916.146
MinimumVisualStudioVersion = 10.0.40219.1
Project("{2150E333-8FDC-42A3-9474-1A3956D46DE8}") = "1. FrontEnd", "1. FrontEnd", "{2612BA6E-21AD-46A0-8BFA-EF00A6389BBD}"
EndProject
Project("{2150E333-8FDC-42A3-9474-1A3956D46DE8}") = "2. Services_Apis", "2. Services_Apis", "{E9DB13BC-D80E-4112-B7EE-07B8C3397B0E}"
EndProject
Project("{9A19103F-16F7-4668-BE54-9A1E7A4F7556}") = "GreekShoping.ProductApi", "GreekShoping.ProductApi\GreekShoping.ProductApi.csproj", "{3989157F-40C8-42E8-8ABF-7CF6967D4D44}"
EndProject
Project("{9A19103F-16F7-4668-BE54-9A1E7A4F7556}") = "GreekShoping.Web", "GreekShoping.Web\GreekShoping.Web.csproj", "{0C8769A5-632A-452C-AB0C-5A15BFFCBD8B}"
EndProject
Project("{9A19103F-16F7-4668-BE54-9A1E7A4F7556}") = "GreekShoping.CartAPI", "GreekShoping.CartAPI\GreekShoping.CartAPI.csproj", "{4C577493-D8E6-48E7-A9E0-915F24BC4453}"
EndProject
Project("{2150E333-8FDC-42A3-9474-1A3956D46DE8}") = "0. IdentitySecurityServer", "0. IdentitySecurityServer", "{B5617835-E084-4B6F-B24F-9C27D8B70E65}"
EndProject
Project("{9A19103F-16F7-4668-BE54-9A1E7A4F7556}") = "GreekShoping.IdentityServer", "GreekShoping.IdentityServer\GreekShoping.IdentityServer.csproj", "{FFBE2138-E7AB-4911-BC21-CEF14FE7A656}"
EndProject
Project("{9A19103F-16F7-4668-BE54-9A1E7A4F7556}") = "GreekShoping.CouponAPI", "GreekShoping.CouponAPI\GreekShoping.CouponAPI.csproj", "{E0F721E6-F8DB-40FA-A5AD-C041F1B70C93}"
EndProject
Project("{2150E333-8FDC-42A3-9474-1A3956D46DE8}") = "3. Integrations", "3. Integrations", "{D773D765-0660-456B-A3C5-F10E3BE9B295}"
EndProject
Project("{FAE04EC0-301F-11D3-BF4B-00C04F79EFBC}") = "GreekShoping.MessageBus", "GreekShoping.MessageBus\GreekShoping.MessageBus.csproj", "{D3C685BF-2994-416B-9E06-3020F39513EE}"
EndProject
Global
	GlobalSection(SolutionConfigurationPlatforms) = preSolution
		Debug|Any CPU = Debug|Any CPU
		Release|Any CPU = Release|Any CPU
	EndGlobalSection
	GlobalSection(ProjectConfigurationPlatforms) = postSolution
		{3989157F-40C8-42E8-8ABF-7CF6967D4D44}.Debug|Any CPU.ActiveCfg = Debug|Any CPU
		{3989157F-40C8-42E8-8ABF-7CF6967D4D44}.Debug|Any CPU.Build.0 = Debug|Any CPU
		{3989157F-40C8-42E8-8ABF-7CF6967D4D44}.Release|Any CPU.ActiveCfg = Release|Any CPU
		{3989157F-40C8-42E8-8ABF-7CF6967D4D44}.Release|Any CPU.Build.0 = Release|Any CPU
		{0C8769A5-632A-452C-AB0C-5A15BFFCBD8B}.Debug|Any CPU.ActiveCfg = Debug|Any CPU
		{0C8769A5-632A-452C-AB0C-5A15BFFCBD8B}.Debug|Any CPU.Build.0 = Debug|Any CPU
		{0C8769A5-632A-452C-AB0C-5A15BFFCBD8B}.Release|Any CPU.ActiveCfg = Release|Any CPU
		{0C8769A5-632A-452C-AB0C-5A15BFFCBD8B}.Release|Any CPU.Build.0 = Release|Any CPU
		{4C577493-D8E6-48E7-A9E0-915F24BC4453}.Debug|Any CPU.ActiveCfg = Debug|Any CPU
		{4C577493-D8E6-48E7-A9E0-915F24BC4453}.Debug|Any CPU.Build.0 = Debug|Any CPU
		{4C577493-D8E6-48E7-A9E0-915F24BC4453}.Release|Any CPU.ActiveCfg = Release|Any CPU
		{4C577493-D8E6-48E7-A9E0-915F24BC4453}.Release|Any CPU.Build.0 = Release|Any CPU
		{FFBE2138-E7AB-4911-BC21-CEF14FE7A656}.Debug|Any CPU.ActiveCfg = Debug|Any CPU
		{FFBE2138-E7AB-4911-BC21-CEF14FE7A656}.Debug|Any CPU.Build.0 = Debug|Any CPU
		{FFBE2138-E7AB-4911-BC21-CEF14FE7A656}.Release|Any CPU.ActiveCfg = Release|Any CPU
		{FFBE2138-E7AB-4911-BC21-CEF14FE7A656}.Release|Any CPU.Build.0 = Release|Any CPU
		{E0F721E6-F8DB-40FA-A5AD-C041F1B70C93}.Debug|Any CPU.ActiveCfg = Debug|Any CPU
		{E0F721E6-F8DB-40FA-A5AD-C041F1B70C93}.Debug|Any CPU.Build.0 = Debug|Any CPU
		{E0F721E6-F8DB-40FA-A5AD-C041F1B70C93}.Release|Any CPU.ActiveCfg = Release|Any CPU
		{E0F721E6-F8DB-40FA-A5AD-C041F1B70C93}.Release|Any CPU.Build.0 = Release|Any CPU
		{D3C685BF-2994-416B-9E06-3020F39513EE}.Debug|Any CPU.ActiveCfg = Debug|Any CPU
		{D3C685BF-2994-416B-9E06-3020F39513EE}.Debug|Any CPU.Build.0 = Debug|Any CPU
		{D3C685BF-2994-416B-9E06-3020F39513EE}.Release|Any CPU.ActiveCfg = Release|Any CPU
		{D3C685BF-2994-416B-9E06-3020F39513EE}.Release|Any CPU.Build.0 = Release|Any CPU
	EndGlobalSection
	GlobalSection(SolutionProperties) = preSolution
		HideSolutionNode = FALSE
	EndGlobalSection
	GlobalSection(NestedProjects) = preSolution
		{3989157F-40C8-42E8-8ABF-7CF6967D4D44} = {E9DB13BC-D80E-4112-B7EE-07B8C3397B0E}
		{0C8769A5-632A-452C-AB0C-5A15BFFCBD8B} = {2612BA6E-21AD-46A0-8BFA-EF00A6389BBD}
		{4C577493-D8E6-48E7-A9E0-915F24BC4453} = {E9DB13BC-D80E-4112-B7EE-07B8C3397B0E}
		{FFBE2138-E7AB-4911-BC21-CEF14FE7A656} = {B5617835-E084-4B6F-B24F-9C27D8B70E65}
		{E0F721E6-F8DB-40FA-A5AD-C041F1B70C93} = {E9DB13BC-D80E-4112-B7EE-07B8C3397B0E}
		{D3C685BF-2994-416B-9E06-3020F39513EE} = {D773D765-0660-456B-A3C5-F10E3BE9B295}
	EndGlobalSection
	GlobalSection(ExtensibilityGlobals) = postSolution
		SolutionGuid = {ECEAB0F8-F5F6-4882-9A11-5022F78C87AB}
	EndGlobalSection
EndGlobal
