
Microsoft Visual Studio Solution File, Format Version 12.00
# Visual Studio Version 17
VisualStudioVersion = 17.8.34309.116
MinimumVisualStudioVersion = 10.0.40219.1
Project("{FAE04EC0-301F-11D3-BF4B-00C04F79EFBC}") = "MyDotNETAPIUdemy", "MyDotNETAPIUdemy\MyDotNETAPIUdemy.csproj", "{22FF5BFF-78CB-4399-B506-423F17CA0F49}"
EndProject
Global
	GlobalSection(SolutionConfigurationPlatforms) = preSolution
		Debug|Any CPU = Debug|Any CPU
		Release|Any CPU = Release|Any CPU
	EndGlobalSection
	GlobalSection(ProjectConfigurationPlatforms) = postSolution
		{22FF5BFF-78CB-4399-B506-423F17CA0F49}.Debug|Any CPU.ActiveCfg = Debug|Any CPU
		{22FF5BFF-78CB-4399-B506-423F17CA0F49}.Debug|Any CPU.Build.0 = Debug|Any CPU
		{22FF5BFF-78CB-4399-B506-423F17CA0F49}.Release|Any CPU.ActiveCfg = Release|Any CPU
		{22FF5BFF-78CB-4399-B506-423F17CA0F49}.Release|Any CPU.Build.0 = Release|Any CPU
	EndGlobalSection
	GlobalSection(SolutionProperties) = preSolution
		HideSolutionNode = FALSE
	EndGlobalSection
	GlobalSection(ExtensibilityGlobals) = postSolution
		SolutionGuid = {ECCF6F12-8A6E-46FF-84C4-DA370882867E}
	EndGlobalSection
EndGlobal
