
Microsoft Visual Studio Solution File, Format Version 12.00
# Visual Studio Version 17
VisualStudioVersion = 17.10.34916.146
MinimumVisualStudioVersion = 10.0.40219.1
Project("{2150E333-8FDC-42A3-9474-1A3956D46DE8}") = "FrontEnd", "FrontEnd", "{2612BA6E-21AD-46A0-8BFA-EF00A6389BBD}"
EndProject
Project("{2150E333-8FDC-42A3-9474-1A3956D46DE8}") = "Services", "Services", "{E9DB13BC-D80E-4112-B7EE-07B8C3397B0E}"
EndProject
Project("{9A19103F-16F7-4668-BE54-9A1E7A4F7556}") = "CreekShoping.Web", "CreekShoping.Web\CreekShoping.Web.csproj", "{8B7F027A-CEBF-4A32-B3AF-C2BB6955E376}"
EndProject
Project("{FAE04EC0-301F-11D3-BF4B-00C04F79EFBC}") = "CreekShoping.ProductAPI", "CreekShoping.ProductAPI\CreekShoping.ProductAPI.csproj", "{946D3055-82CF-4E13-8137-DB160D2FBC8E}"
EndProject
Global
	GlobalSection(SolutionConfigurationPlatforms) = preSolution
		Debug|Any CPU = Debug|Any CPU
		Release|Any CPU = Release|Any CPU
	EndGlobalSection
	GlobalSection(ProjectConfigurationPlatforms) = postSolution
		{8B7F027A-CEBF-4A32-B3AF-C2BB6955E376}.Debug|Any CPU.ActiveCfg = Debug|Any CPU
		{8B7F027A-CEBF-4A32-B3AF-C2BB6955E376}.Debug|Any CPU.Build.0 = Debug|Any CPU
		{8B7F027A-CEBF-4A32-B3AF-C2BB6955E376}.Release|Any CPU.ActiveCfg = Release|Any CPU
		{8B7F027A-CEBF-4A32-B3AF-C2BB6955E376}.Release|Any CPU.Build.0 = Release|Any CPU
		{946D3055-82CF-4E13-8137-DB160D2FBC8E}.Debug|Any CPU.ActiveCfg = Debug|Any CPU
		{946D3055-82CF-4E13-8137-DB160D2FBC8E}.Debug|Any CPU.Build.0 = Debug|Any CPU
		{946D3055-82CF-4E13-8137-DB160D2FBC8E}.Release|Any CPU.ActiveCfg = Release|Any CPU
		{946D3055-82CF-4E13-8137-DB160D2FBC8E}.Release|Any CPU.Build.0 = Release|Any CPU
	EndGlobalSection
	GlobalSection(SolutionProperties) = preSolution
		HideSolutionNode = FALSE
	EndGlobalSection
	GlobalSection(NestedProjects) = preSolution
		{8B7F027A-CEBF-4A32-B3AF-C2BB6955E376} = {2612BA6E-21AD-46A0-8BFA-EF00A6389BBD}
		{946D3055-82CF-4E13-8137-DB160D2FBC8E} = {E9DB13BC-D80E-4112-B7EE-07B8C3397B0E}
	EndGlobalSection
	GlobalSection(ExtensibilityGlobals) = postSolution
		SolutionGuid = {ECEAB0F8-F5F6-4882-9A11-5022F78C87AB}
	EndGlobalSection
EndGlobal
