
Microsoft Visual Studio Solution File, Format Version 12.00
# Visual Studio Version 17
VisualStudioVersion = 17.10.34916.146
MinimumVisualStudioVersion = 10.0.40219.1
Project("{2150E333-8FDC-42A3-9474-1A3956D46DE8}") = "FrontEnd", "FrontEnd", "{2612BA6E-21AD-46A0-8BFA-EF00A6389BBD}"
EndProject
Project("{2150E333-8FDC-42A3-9474-1A3956D46DE8}") = "Services", "Services", "{E9DB13BC-D80E-4112-B7EE-07B8C3397B0E}"
EndProject
Project("{FAE04EC0-301F-11D3-BF4B-00C04F79EFBC}") = "GreekShoping.Web", "GreekShoping.Web\GreekShoping.Web.csproj", "{B65BF4C4-4CBB-4E2C-B708-E9F4516B391E}"
EndProject
Project("{FAE04EC0-301F-11D3-BF4B-00C04F79EFBC}") = "GreekShoping.ProductApi", "GreekShoping.ProductApi\GreekShoping.ProductApi.csproj", "{3989157F-40C8-42E8-8ABF-7CF6967D4D44}"
EndProject
Global
	GlobalSection(SolutionConfigurationPlatforms) = preSolution
		Debug|Any CPU = Debug|Any CPU
		Release|Any CPU = Release|Any CPU
	EndGlobalSection
	GlobalSection(ProjectConfigurationPlatforms) = postSolution
		{B65BF4C4-4CBB-4E2C-B708-E9F4516B391E}.Debug|Any CPU.ActiveCfg = Debug|Any CPU
		{B65BF4C4-4CBB-4E2C-B708-E9F4516B391E}.Debug|Any CPU.Build.0 = Debug|Any CPU
		{B65BF4C4-4CBB-4E2C-B708-E9F4516B391E}.Release|Any CPU.ActiveCfg = Release|Any CPU
		{B65BF4C4-4CBB-4E2C-B708-E9F4516B391E}.Release|Any CPU.Build.0 = Release|Any CPU
		{3989157F-40C8-42E8-8ABF-7CF6967D4D44}.Debug|Any CPU.ActiveCfg = Debug|Any CPU
		{3989157F-40C8-42E8-8ABF-7CF6967D4D44}.Debug|Any CPU.Build.0 = Debug|Any CPU
		{3989157F-40C8-42E8-8ABF-7CF6967D4D44}.Release|Any CPU.ActiveCfg = Release|Any CPU
		{3989157F-40C8-42E8-8ABF-7CF6967D4D44}.Release|Any CPU.Build.0 = Release|Any CPU
	EndGlobalSection
	GlobalSection(SolutionProperties) = preSolution
		HideSolutionNode = FALSE
	EndGlobalSection
	GlobalSection(NestedProjects) = preSolution
		{B65BF4C4-4CBB-4E2C-B708-E9F4516B391E} = {2612BA6E-21AD-46A0-8BFA-EF00A6389BBD}
		{3989157F-40C8-42E8-8ABF-7CF6967D4D44} = {E9DB13BC-D80E-4112-B7EE-07B8C3397B0E}
	EndGlobalSection
	GlobalSection(ExtensibilityGlobals) = postSolution
		SolutionGuid = {ECEAB0F8-F5F6-4882-9A11-5022F78C87AB}
	EndGlobalSection
EndGlobal
